// !$*UTF8*$!
{
	archiveVersion = 1;
	classes = {
	};
	objectVersion = 55;
	objects = {

/* Begin PBXBuildFile section */
		95CC42492775DC0400FB24E9 /* HiAppleWatch WatchKit App.app in Embed Watch Content */ = {isa = PBXBuildFile; fileRef = 95CC42482775DC0400FB24E9 /* HiAppleWatch WatchKit App.app */; settings = {ATTRIBUTES = (RemoveHeadersOnCopy, ); }; };
		95CC424E2775DC0600FB24E9 /* Assets.xcassets in Resources */ = {isa = PBXBuildFile; fileRef = 95CC424D2775DC0600FB24E9 /* Assets.xcassets */; };
		95CC42542775DC0600FB24E9 /* HiAppleWatch WatchKit Extension.appex in Embed App Extensions */ = {isa = PBXBuildFile; fileRef = 95CC42532775DC0600FB24E9 /* HiAppleWatch WatchKit Extension.appex */; settings = {ATTRIBUTES = (RemoveHeadersOnCopy, ); }; };
		95CC42592775DC0600FB24E9 /* ContentView.swift in Sources */ = {isa = PBXBuildFile; fileRef = 95CC42582775DC0600FB24E9 /* ContentView.swift */; };
		95CC425B2775DC0600FB24E9 /* HiAppleWatchApp.swift in Sources */ = {isa = PBXBuildFile; fileRef = 95CC425A2775DC0600FB24E9 /* HiAppleWatchApp.swift */; };
		95CC425D2775DC0600FB24E9 /* ComplicationController.swift in Sources */ = {isa = PBXBuildFile; fileRef = 95CC425C2775DC0600FB24E9 /* ComplicationController.swift */; };
		95CC425F2775DC0800FB24E9 /* Assets.xcassets in Resources */ = {isa = PBXBuildFile; fileRef = 95CC425E2775DC0800FB24E9 /* Assets.xcassets */; };
		95CC42622775DC0800FB24E9 /* Preview Assets.xcassets in Resources */ = {isa = PBXBuildFile; fileRef = 95CC42612775DC0800FB24E9 /* Preview Assets.xcassets */; };
/* End PBXBuildFile section */

/* Begin PBXContainerItemProxy section */
		95CC424A2775DC0400FB24E9 /* PBXContainerItemProxy */ = {
			isa = PBXContainerItemProxy;
			containerPortal = 95CC423E2775DC0400FB24E9 /* Project object */;
			proxyType = 1;
			remoteGlobalIDString = 95CC42472775DC0400FB24E9;
			remoteInfo = "HiAppleWatch WatchKit App";
		};
		95CC42552775DC0600FB24E9 /* PBXContainerItemProxy */ = {
			isa = PBXContainerItemProxy;
			containerPortal = 95CC423E2775DC0400FB24E9 /* Project object */;
			proxyType = 1;
			remoteGlobalIDString = 95CC42522775DC0600FB24E9;
			remoteInfo = "HiAppleWatch WatchKit Extension";
		};
/* End PBXContainerItemProxy section */

/* Begin PBXCopyFilesBuildPhase section */
		95CC42692775DC0800FB24E9 /* Embed App Extensions */ = {
			isa = PBXCopyFilesBuildPhase;
			buildActionMask = 2147483647;
			dstPath = "";
			dstSubfolderSpec = 13;
			files = (
				95CC42542775DC0600FB24E9 /* HiAppleWatch WatchKit Extension.appex in Embed App Extensions */,
			);
			name = "Embed App Extensions";
			runOnlyForDeploymentPostprocessing = 0;
		};
		95CC426D2775DC0800FB24E9 /* Embed Watch Content */ = {
			isa = PBXCopyFilesBuildPhase;
			buildActionMask = 2147483647;
			dstPath = "$(CONTENTS_FOLDER_PATH)/Watch";
			dstSubfolderSpec = 16;
			files = (
				95CC42492775DC0400FB24E9 /* HiAppleWatch WatchKit App.app in Embed Watch Content */,
			);
			name = "Embed Watch Content";
			runOnlyForDeploymentPostprocessing = 0;
		};
/* End PBXCopyFilesBuildPhase section */

/* Begin PBXFileReference section */
		95CC42442775DC0400FB24E9 /* HiAppleWatch.app */ = {isa = PBXFileReference; explicitFileType = wrapper.application; includeInIndex = 0; path = HiAppleWatch.app; sourceTree = BUILT_PRODUCTS_DIR; };
		95CC42482775DC0400FB24E9 /* HiAppleWatch WatchKit App.app */ = {isa = PBXFileReference; explicitFileType = wrapper.application; includeInIndex = 0; path = "HiAppleWatch WatchKit App.app"; sourceTree = BUILT_PRODUCTS_DIR; };
		95CC424D2775DC0600FB24E9 /* Assets.xcassets */ = {isa = PBXFileReference; lastKnownFileType = folder.assetcatalog; path = Assets.xcassets; sourceTree = "<group>"; };
		95CC42532775DC0600FB24E9 /* HiAppleWatch WatchKit Extension.appex */ = {isa = PBXFileReference; explicitFileType = "wrapper.app-extension"; includeInIndex = 0; path = "HiAppleWatch WatchKit Extension.appex"; sourceTree = BUILT_PRODUCTS_DIR; };
		95CC42582775DC0600FB24E9 /* ContentView.swift */ = {isa = PBXFileReference; lastKnownFileType = sourcecode.swift; path = ContentView.swift; sourceTree = "<group>"; };
		95CC425A2775DC0600FB24E9 /* HiAppleWatchApp.swift */ = {isa = PBXFileReference; lastKnownFileType = sourcecode.swift; path = HiAppleWatchApp.swift; sourceTree = "<group>"; };
		95CC425C2775DC0600FB24E9 /* ComplicationController.swift */ = {isa = PBXFileReference; lastKnownFileType = sourcecode.swift; path = ComplicationController.swift; sourceTree = "<group>"; };
		95CC425E2775DC0800FB24E9 /* Assets.xcassets */ = {isa = PBXFileReference; lastKnownFileType = folder.assetcatalog; path = Assets.xcassets; sourceTree = "<group>"; };
		95CC42612775DC0800FB24E9 /* Preview Assets.xcassets */ = {isa = PBXFileReference; lastKnownFileType = folder.assetcatalog; path = "Preview Assets.xcassets"; sourceTree = "<group>"; };
		95CC42632775DC0800FB24E9 /* Info.plist */ = {isa = PBXFileReference; lastKnownFileType = text.plist.xml; path = Info.plist; sourceTree = "<group>"; };
/* End PBXFileReference section */

/* Begin PBXFrameworksBuildPhase section */
		95CC42502775DC0600FB24E9 /* Frameworks */ = {
			isa = PBXFrameworksBuildPhase;
			buildActionMask = 2147483647;
			files = (
			);
			runOnlyForDeploymentPostprocessing = 0;
		};
/* End PBXFrameworksBuildPhase section */

/* Begin PBXGroup section */
		95CC423D2775DC0400FB24E9 = {
			isa = PBXGroup;
			children = (
				95CC424C2775DC0400FB24E9 /* HiAppleWatch WatchKit App */,
				95CC42572775DC0600FB24E9 /* HiAppleWatch WatchKit Extension */,
				95CC42452775DC0400FB24E9 /* Products */,
			);
			sourceTree = "<group>";
		};
		95CC42452775DC0400FB24E9 /* Products */ = {
			isa = PBXGroup;
			children = (
				95CC42442775DC0400FB24E9 /* HiAppleWatch.app */,
				95CC42482775DC0400FB24E9 /* HiAppleWatch WatchKit App.app */,
				95CC42532775DC0600FB24E9 /* HiAppleWatch WatchKit Extension.appex */,
			);
			name = Products;
			sourceTree = "<group>";
		};
		95CC424C2775DC0400FB24E9 /* HiAppleWatch WatchKit App */ = {
			isa = PBXGroup;
			children = (
				95CC424D2775DC0600FB24E9 /* Assets.xcassets */,
			);
			path = "HiAppleWatch WatchKit App";
			sourceTree = "<group>";
		};
		95CC42572775DC0600FB24E9 /* HiAppleWatch WatchKit Extension */ = {
			isa = PBXGroup;
			children = (
				95CC42582775DC0600FB24E9 /* ContentView.swift */,
				95CC425A2775DC0600FB24E9 /* HiAppleWatchApp.swift */,
				95CC425C2775DC0600FB24E9 /* ComplicationController.swift */,
				95CC425E2775DC0800FB24E9 /* Assets.xcassets */,
				95CC42632775DC0800FB24E9 /* Info.plist */,
				95CC42602775DC0800FB24E9 /* Preview Content */,
			);
			path = "HiAppleWatch WatchKit Extension";
			sourceTree = "<group>";
		};
		95CC42602775DC0800FB24E9 /* Preview Content */ = {
			isa = PBXGroup;
			children = (
				95CC42612775DC0800FB24E9 /* Preview Assets.xcassets */,
			);
			path = "Preview Content";
			sourceTree = "<group>";
		};
/* End PBXGroup section */

/* Begin PBXNativeTarget section */
		95CC42432775DC0400FB24E9 /* HiAppleWatch */ = {
			isa = PBXNativeTarget;
			buildConfigurationList = 95CC426E2775DC0800FB24E9 /* Build configuration list for PBXNativeTarget "HiAppleWatch" */;
			buildPhases = (
				95CC42422775DC0400FB24E9 /* Resources */,
				95CC426D2775DC0800FB24E9 /* Embed Watch Content */,
			);
			buildRules = (
			);
			dependencies = (
				95CC424B2775DC0400FB24E9 /* PBXTargetDependency */,
			);
			name = HiAppleWatch;
			productName = HiAppleWatch;
			productReference = 95CC42442775DC0400FB24E9 /* HiAppleWatch.app */;
			productType = "com.apple.product-type.application.watchapp2-container";
		};
		95CC42472775DC0400FB24E9 /* HiAppleWatch WatchKit App */ = {
			isa = PBXNativeTarget;
			buildConfigurationList = 95CC426A2775DC0800FB24E9 /* Build configuration list for PBXNativeTarget "HiAppleWatch WatchKit App" */;
			buildPhases = (
				95CC42462775DC0400FB24E9 /* Resources */,
				95CC42692775DC0800FB24E9 /* Embed App Extensions */,
			);
			buildRules = (
			);
			dependencies = (
				95CC42562775DC0600FB24E9 /* PBXTargetDependency */,
			);
			name = "HiAppleWatch WatchKit App";
			productName = "HiAppleWatch WatchKit App";
			productReference = 95CC42482775DC0400FB24E9 /* HiAppleWatch WatchKit App.app */;
			productType = "com.apple.product-type.application.watchapp2";
		};
		95CC42522775DC0600FB24E9 /* HiAppleWatch WatchKit Extension */ = {
			isa = PBXNativeTarget;
			buildConfigurationList = 95CC42662775DC0800FB24E9 /* Build configuration list for PBXNativeTarget "HiAppleWatch WatchKit Extension" */;
			buildPhases = (
				95CC424F2775DC0600FB24E9 /* Sources */,
				95CC42502775DC0600FB24E9 /* Frameworks */,
				95CC42512775DC0600FB24E9 /* Resources */,
			);
			buildRules = (
			);
			dependencies = (
			);
			name = "HiAppleWatch WatchKit Extension";
			productName = "HiAppleWatch WatchKit Extension";
			productReference = 95CC42532775DC0600FB24E9 /* HiAppleWatch WatchKit Extension.appex */;
			productType = "com.apple.product-type.watchkit2-extension";
		};
/* End PBXNativeTarget section */

/* Begin PBXProject section */
		95CC423E2775DC0400FB24E9 /* Project object */ = {
			isa = PBXProject;
			attributes = {
				BuildIndependentTargetsInParallel = 1;
				LastSwiftUpdateCheck = 1320;
				LastUpgradeCheck = 1320;
				TargetAttributes = {
					95CC42432775DC0400FB24E9 = {
						CreatedOnToolsVersion = 13.2.1;
					};
					95CC42472775DC0400FB24E9 = {
						CreatedOnToolsVersion = 13.2.1;
					};
					95CC42522775DC0600FB24E9 = {
						CreatedOnToolsVersion = 13.2.1;
					};
				};
			};
			buildConfigurationList = 95CC42412775DC0400FB24E9 /* Build configuration list for PBXProject "HiAppleWatch" */;
			compatibilityVersion = "Xcode 13.0";
			developmentRegion = en;
			hasScannedForEncodings = 0;
			knownRegions = (
				en,
				Base,
			);
			mainGroup = 95CC423D2775DC0400FB24E9;
			productRefGroup = 95CC42452775DC0400FB24E9 /* Products */;
			projectDirPath = "";
			projectRoot = "";
			targets = (
				95CC42432775DC0400FB24E9 /* HiAppleWatch */,
				95CC42472775DC0400FB24E9 /* HiAppleWatch WatchKit App */,
				95CC42522775DC0600FB24E9 /* HiAppleWatch WatchKit Extension */,
			);
		};
/* End PBXProject section */

/* Begin PBXResourcesBuildPhase section */
		95CC42422775DC0400FB24E9 /* Resources */ = {
			isa = PBXResourcesBuildPhase;
			buildActionMask = 2147483647;
			files = (
			);
			runOnlyForDeploymentPostprocessing = 0;
		};
		95CC42462775DC0400FB24E9 /* Resources */ = {
			isa = PBXResourcesBuildPhase;
			buildActionMask = 2147483647;
			files = (
				95CC424E2775DC0600FB24E9 /* Assets.xcassets in Resources */,
			);
			runOnlyForDeploymentPostprocessing = 0;
		};
		95CC42512775DC0600FB24E9 /* Resources */ = {
			isa = PBXResourcesBuildPhase;
			buildActionMask = 2147483647;
			files = (
				95CC42622775DC0800FB24E9 /* Preview Assets.xcassets in Resources */,
				95CC425F2775DC0800FB24E9 /* Assets.xcassets in Resources */,
			);
			runOnlyForDeploymentPostprocessing = 0;
		};
/* End PBXResourcesBuildPhase section */

/* Begin PBXSourcesBuildPhase section */
		95CC424F2775DC0600FB24E9 /* Sources */ = {
			isa = PBXSourcesBuildPhase;
			buildActionMask = 2147483647;
			files = (
				95CC42592775DC0600FB24E9 /* ContentView.swift in Sources */,
				95CC425B2775DC0600FB24E9 /* HiAppleWatchApp.swift in Sources */,
				95CC425D2775DC0600FB24E9 /* ComplicationController.swift in Sources */,
			);
			runOnlyForDeploymentPostprocessing = 0;
		};
/* End PBXSourcesBuildPhase section */

/* Begin PBXTargetDependency section */
		95CC424B2775DC0400FB24E9 /* PBXTargetDependency */ = {
			isa = PBXTargetDependency;
			target = 95CC42472775DC0400FB24E9 /* HiAppleWatch WatchKit App */;
			targetProxy = 95CC424A2775DC0400FB24E9 /* PBXContainerItemProxy */;
		};
		95CC42562775DC0600FB24E9 /* PBXTargetDependency */ = {
			isa = PBXTargetDependency;
			target = 95CC42522775DC0600FB24E9 /* HiAppleWatch WatchKit Extension */;
			targetProxy = 95CC42552775DC0600FB24E9 /* PBXContainerItemProxy */;
		};
/* End PBXTargetDependency section */

/* Begin XCBuildConfiguration section */
		95CC42642775DC0800FB24E9 /* Debug */ = {
			isa = XCBuildConfiguration;
			buildSettings = {
				ALWAYS_SEARCH_USER_PATHS = NO;
				CLANG_ANALYZER_NONNULL = YES;
				CLANG_ANALYZER_NUMBER_OBJECT_CONVERSION = YES_AGGRESSIVE;
				CLANG_CXX_LANGUAGE_STANDARD = "gnu++17";
				CLANG_CXX_LIBRARY = "libc++";
				CLANG_ENABLE_MODULES = YES;
				CLANG_ENABLE_OBJC_ARC = YES;
				CLANG_ENABLE_OBJC_WEAK = YES;
				CLANG_WARN_BLOCK_CAPTURE_AUTORELEASING = YES;
				CLANG_WARN_BOOL_CONVERSION = YES;
				CLANG_WARN_COMMA = YES;
				CLANG_WARN_CONSTANT_CONVERSION = YES;
				CLANG_WARN_DEPRECATED_OBJC_IMPLEMENTATIONS = YES;
				CLANG_WARN_DIRECT_OBJC_ISA_USAGE = YES_ERROR;
				CLANG_WARN_DOCUMENTATION_COMMENTS = YES;
				CLANG_WARN_EMPTY_BODY = YES;
				CLANG_WARN_ENUM_CONVERSION = YES;
				CLANG_WARN_INFINITE_RECURSION = YES;
				CLANG_WARN_INT_CONVERSION = YES;
				CLANG_WARN_NON_LITERAL_NULL_CONVERSION = YES;
				CLANG_WARN_OBJC_IMPLICIT_RETAIN_SELF = YES;
				CLANG_WARN_OBJC_LITERAL_CONVERSION = YES;
				CLANG_WARN_OBJC_ROOT_CLASS = YES_ERROR;
				CLANG_WARN_QUOTED_INCLUDE_IN_FRAMEWORK_HEADER = YES;
				CLANG_WARN_RANGE_LOOP_ANALYSIS = YES;
				CLANG_WARN_STRICT_PROTOTYPES = YES;
				CLANG_WARN_SUSPICIOUS_MOVE = YES;
				CLANG_WARN_UNGUARDED_AVAILABILITY = YES_AGGRESSIVE;
				CLANG_WARN_UNREACHABLE_CODE = YES;
				CLANG_WARN__DUPLICATE_METHOD_MATCH = YES;
				COPY_PHASE_STRIP = NO;
				DEBUG_INFORMATION_FORMAT = dwarf;
				ENABLE_STRICT_OBJC_MSGSEND = YES;
				ENABLE_TESTABILITY = YES;
				GCC_C_LANGUAGE_STANDARD = gnu11;
				GCC_DYNAMIC_NO_PIC = NO;
				GCC_NO_COMMON_BLOCKS = YES;
				GCC_OPTIMIZATION_LEVEL = 0;
				GCC_PREPROCESSOR_DEFINITIONS = (
					"DEBUG=1",
					"$(inherited)",
				);
				GCC_WARN_64_TO_32_BIT_CONVERSION = YES;
				GCC_WARN_ABOUT_RETURN_TYPE = YES_ERROR;
				GCC_WARN_UNDECLARED_SELECTOR = YES;
				GCC_WARN_UNINITIALIZED_AUTOS = YES_AGGRESSIVE;
				GCC_WARN_UNUSED_FUNCTION = YES;
				GCC_WARN_UNUSED_VARIABLE = YES;
				MTL_ENABLE_DEBUG_INFO = INCLUDE_SOURCE;
				MTL_FAST_MATH = YES;
				ONLY_ACTIVE_ARCH = YES;
				SDKROOT = iphoneos;
				SWIFT_ACTIVE_COMPILATION_CONDITIONS = DEBUG;
				SWIFT_OPTIMIZATION_LEVEL = "-Onone";
			};
			name = Debug;
		};
		95CC42652775DC0800FB24E9 /* Release */ = {
			isa = XCBuildConfiguration;
			buildSettings = {
				ALWAYS_SEARCH_USER_PATHS = NO;
				CLANG_ANALYZER_NONNULL = YES;
				CLANG_ANALYZER_NUMBER_OBJECT_CONVERSION = YES_AGGRESSIVE;
				CLANG_CXX_LANGUAGE_STANDARD = "gnu++17";
				CLANG_CXX_LIBRARY = "libc++";
				CLANG_ENABLE_MODULES = YES;
				CLANG_ENABLE_OBJC_ARC = YES;
				CLANG_ENABLE_OBJC_WEAK = YES;
				CLANG_WARN_BLOCK_CAPTURE_AUTORELEASING = YES;
				CLANG_WARN_BOOL_CONVERSION = YES;
				CLANG_WARN_COMMA = YES;
				CLANG_WARN_CONSTANT_CONVERSION = YES;
				CLANG_WARN_DEPRECATED_OBJC_IMPLEMENTATIONS = YES;
				CLANG_WARN_DIRECT_OBJC_ISA_USAGE = YES_ERROR;
				CLANG_WARN_DOCUMENTATION_COMMENTS = YES;
				CLANG_WARN_EMPTY_BODY = YES;
				CLANG_WARN_ENUM_CONVERSION = YES;
				CLANG_WARN_INFINITE_RECURSION = YES;
				CLANG_WARN_INT_CONVERSION = YES;
				CLANG_WARN_NON_LITERAL_NULL_CONVERSION = YES;
				CLANG_WARN_OBJC_IMPLICIT_RETAIN_SELF = YES;
				CLANG_WARN_OBJC_LITERAL_CONVERSION = YES;
				CLANG_WARN_OBJC_ROOT_CLASS = YES_ERROR;
				CLANG_WARN_QUOTED_INCLUDE_IN_FRAMEWORK_HEADER = YES;
				CLANG_WARN_RANGE_LOOP_ANALYSIS = YES;
				CLANG_WARN_STRICT_PROTOTYPES = YES;
				CLANG_WARN_SUSPICIOUS_MOVE = YES;
				CLANG_WARN_UNGUARDED_AVAILABILITY = YES_AGGRESSIVE;
				CLANG_WARN_UNREACHABLE_CODE = YES;
				CLANG_WARN__DUPLICATE_METHOD_MATCH = YES;
				COPY_PHASE_STRIP = NO;
				DEBUG_INFORMATION_FORMAT = "dwarf-with-dsym";
				ENABLE_NS_ASSERTIONS = NO;
				ENABLE_STRICT_OBJC_MSGSEND = YES;
				GCC_C_LANGUAGE_STANDARD = gnu11;
				GCC_NO_COMMON_BLOCKS = YES;
				GCC_WARN_64_TO_32_BIT_CONVERSION = YES;
				GCC_WARN_ABOUT_RETURN_TYPE = YES_ERROR;
				GCC_WARN_UNDECLARED_SELECTOR = YES;
				GCC_WARN_UNINITIALIZED_AUTOS = YES_AGGRESSIVE;
				GCC_WARN_UNUSED_FUNCTION = YES;
				GCC_WARN_UNUSED_VARIABLE = YES;
				MTL_ENABLE_DEBUG_INFO = NO;
				MTL_FAST_MATH = YES;
				SDKROOT = iphoneos;
				SWIFT_COMPILATION_MODE = wholemodule;
				SWIFT_OPTIMIZATION_LEVEL = "-O";
				VALIDATE_PRODUCT = YES;
			};
			name = Release;
		};
		95CC42672775DC0800FB24E9 /* Debug */ = {
			isa = XCBuildConfiguration;
			buildSettings = {
				ASSETCATALOG_COMPILER_COMPLICATION_NAME = Complication;
				CODE_SIGN_STYLE = Automatic;
				CURRENT_PROJECT_VERSION = 1;
				DEVELOPMENT_ASSET_PATHS = "\"HiAppleWatch WatchKit Extension/Preview Content\"";
				DEVELOPMENT_TEAM = L8W86DZDY2;
				ENABLE_PREVIEWS = YES;
				GENERATE_INFOPLIST_FILE = YES;
				INFOPLIST_FILE = "HiAppleWatch WatchKit Extension/Info.plist";
				INFOPLIST_KEY_CFBundleDisplayName = "HiAppleWatch WatchKit Extension";
				INFOPLIST_KEY_CLKComplicationPrincipalClass = "$(PRODUCT_MODULE_NAME).ComplicationController";
				INFOPLIST_KEY_NSHumanReadableCopyright = "";
				INFOPLIST_KEY_WKWatchOnly = YES;
				LD_RUNPATH_SEARCH_PATHS = (
					"$(inherited)",
					"@executable_path/Frameworks",
					"@executable_path/../../Frameworks",
				);
				MARKETING_VERSION = 1.0;
				PRODUCT_BUNDLE_IDENTIFIER = com.ri.HiAppleWatch.watchkitapp.watchkitextension;
				PRODUCT_NAME = "${TARGET_NAME}";
				SDKROOT = watchos;
				SKIP_INSTALL = YES;
				SWIFT_EMIT_LOC_STRINGS = YES;
				SWIFT_VERSION = 5.0;
				TARGETED_DEVICE_FAMILY = 4;
				WATCHOS_DEPLOYMENT_TARGET = 8.3;
			};
			name = Debug;
		};
		95CC42682775DC0800FB24E9 /* Release */ = {
			isa = XCBuildConfiguration;
			buildSettings = {
				ASSETCATALOG_COMPILER_COMPLICATION_NAME = Complication;
				CODE_SIGN_STYLE = Automatic;
				CURRENT_PROJECT_VERSION = 1;
				DEVELOPMENT_ASSET_PATHS = "\"HiAppleWatch WatchKit Extension/Preview Content\"";
				DEVELOPMENT_TEAM = L8W86DZDY2;
				ENABLE_PREVIEWS = YES;
				GENERATE_INFOPLIST_FILE = YES;
				INFOPLIST_FILE = "HiAppleWatch WatchKit Extension/Info.plist";
				INFOPLIST_KEY_CFBundleDisplayName = "HiAppleWatch WatchKit Extension";
				INFOPLIST_KEY_CLKComplicationPrincipalClass = "$(PRODUCT_MODULE_NAME).ComplicationController";
				INFOPLIST_KEY_NSHumanReadableCopyright = "";
				INFOPLIST_KEY_WKWatchOnly = YES;
				LD_RUNPATH_SEARCH_PATHS = (
					"$(inherited)",
					"@executable_path/Frameworks",
					"@executable_path/../../Frameworks",
				);
				MARKETING_VERSION = 1.0;
				PRODUCT_BUNDLE_IDENTIFIER = com.ri.HiAppleWatch.watchkitapp.watchkitextension;
				PRODUCT_NAME = "${TARGET_NAME}";
				SDKROOT = watchos;
				SKIP_INSTALL = YES;
				SWIFT_EMIT_LOC_STRINGS = YES;
				SWIFT_VERSION = 5.0;
				TARGETED_DEVICE_FAMILY = 4;
				WATCHOS_DEPLOYMENT_TARGET = 8.3;
			};
			name = Release;
		};
		95CC426B2775DC0800FB24E9 /* Debug */ = {
			isa = XCBuildConfiguration;
			buildSettings = {
				ALWAYS_EMBED_SWIFT_STANDARD_LIBRARIES = YES;
				ASSETCATALOG_COMPILER_APPICON_NAME = AppIcon;
				ASSETCATALOG_COMPILER_GLOBAL_ACCENT_COLOR_NAME = AccentColor;
				CODE_SIGN_STYLE = Automatic;
				CURRENT_PROJECT_VERSION = 1;
				DEVELOPMENT_TEAM = L8W86DZDY2;
				GENERATE_INFOPLIST_FILE = YES;
				IBSC_MODULE = HiAppleWatch_WatchKit_Extension;
				INFOPLIST_KEY_CFBundleDisplayName = "HiAppleWatch WatchKit App";
				INFOPLIST_KEY_UISupportedInterfaceOrientations = "UIInterfaceOrientationPortrait UIInterfaceOrientationPortraitUpsideDown";
				MARKETING_VERSION = 1.0;
				PRODUCT_BUNDLE_IDENTIFIER = com.ri.HiAppleWatch.watchkitapp;
				PRODUCT_NAME = "$(TARGET_NAME)";
				SDKROOT = watchos;
				SKIP_INSTALL = YES;
				SWIFT_EMIT_LOC_STRINGS = YES;
				SWIFT_VERSION = 5.0;
				TARGETED_DEVICE_FAMILY = 4;
				WATCHOS_DEPLOYMENT_TARGET = 8.3;
			};
			name = Debug;
		};
		95CC426C2775DC0800FB24E9 /* Release */ = {
			isa = XCBuildConfiguration;
			buildSettings = {
				ALWAYS_EMBED_SWIFT_STANDARD_LIBRARIES = YES;
				ASSETCATALOG_COMPILER_APPICON_NAME = AppIcon;
				ASSETCATALOG_COMPILER_GLOBAL_ACCENT_COLOR_NAME = AccentColor;
				CODE_SIGN_STYLE = Automatic;
				CURRENT_PROJECT_VERSION = 1;
				DEVELOPMENT_TEAM = L8W86DZDY2;
				GENERATE_INFOPLIST_FILE = YES;
				IBSC_MODULE = HiAppleWatch_WatchKit_Extension;
				INFOPLIST_KEY_CFBundleDisplayName = "HiAppleWatch WatchKit App";
				INFOPLIST_KEY_UISupportedInterfaceOrientations = "UIInterfaceOrientationPortrait UIInterfaceOrientationPortraitUpsideDown";
				MARKETING_VERSION = 1.0;
				PRODUCT_BUNDLE_IDENTIFIER = com.ri.HiAppleWatch.watchkitapp;
				PRODUCT_NAME = "$(TARGET_NAME)";
				SDKROOT = watchos;
				SKIP_INSTALL = YES;
				SWIFT_EMIT_LOC_STRINGS = YES;
				SWIFT_VERSION = 5.0;
				TARGETED_DEVICE_FAMILY = 4;
				WATCHOS_DEPLOYMENT_TARGET = 8.3;
			};
			name = Release;
		};
		95CC426F2775DC0800FB24E9 /* Debug */ = {
			isa = XCBuildConfiguration;
			buildSettings = {
				CODE_SIGN_STYLE = Automatic;
				CURRENT_PROJECT_VERSION = 1;
				DEVELOPMENT_TEAM = L8W86DZDY2;
				MARKETING_VERSION = 1.0;
				PRODUCT_BUNDLE_IDENTIFIER = com.ri.HiAppleWatch;
				PRODUCT_NAME = "$(TARGET_NAME)";
				SWIFT_VERSION = 5.0;
			};
			name = Debug;
		};
		95CC42702775DC0800FB24E9 /* Release */ = {
			isa = XCBuildConfiguration;
			buildSettings = {
				CODE_SIGN_STYLE = Automatic;
				CURRENT_PROJECT_VERSION = 1;
				DEVELOPMENT_TEAM = L8W86DZDY2;
				MARKETING_VERSION = 1.0;
				PRODUCT_BUNDLE_IDENTIFIER = com.ri.HiAppleWatch;
				PRODUCT_NAME = "$(TARGET_NAME)";
				SWIFT_VERSION = 5.0;
			};
			name = Release;
		};
/* End XCBuildConfiguration section */

/* Begin XCConfigurationList section */
		95CC42412775DC0400FB24E9 /* Build configuration list for PBXProject "HiAppleWatch" */ = {
			isa = XCConfigurationList;
			buildConfigurations = (
				95CC42642775DC0800FB24E9 /* Debug */,
				95CC42652775DC0800FB24E9 /* Release */,
			);
			defaultConfigurationIsVisible = 0;
			defaultConfigurationName = Release;
		};
		95CC42662775DC0800FB24E9 /* Build configuration list for PBXNativeTarget "HiAppleWatch WatchKit Extension" */ = {
			isa = XCConfigurationList;
			buildConfigurations = (
				95CC42672775DC0800FB24E9 /* Debug */,
				95CC42682775DC0800FB24E9 /* Release */,
			);
			defaultConfigurationIsVisible = 0;
			defaultConfigurationName = Release;
		};
		95CC426A2775DC0800FB24E9 /* Build configuration list for PBXNativeTarget "HiAppleWatch WatchKit App" */ = {
			isa = XCConfigurationList;
			buildConfigurations = (
				95CC426B2775DC0800FB24E9 /* Debug */,
				95CC426C2775DC0800FB24E9 /* Release */,
			);
			defaultConfigurationIsVisible = 0;
			defaultConfigurationName = Release;
		};
		95CC426E2775DC0800FB24E9 /* Build configuration list for PBXNativeTarget "HiAppleWatch" */ = {
			isa = XCConfigurationList;
			buildConfigurations = (
				95CC426F2775DC0800FB24E9 /* Debug */,
				95CC42702775DC0800FB24E9 /* Release */,
			);
			defaultConfigurationIsVisible = 0;
			defaultConfigurationName = Release;
		};
/* End XCConfigurationList section */
	};
	rootObject = 95CC423E2775DC0400FB24E9 /* Project object */;
}
